
Microsoft Visual Studio Solution File, Format Version 12.00
# Visual Studio 15
VisualStudioVersion = 15.0.28010.2003
MinimumVisualStudioVersion = 10.0.40219.1
Project("{FAE04EC0-301F-11D3-BF4B-00C04F79EFBC}") = "NpuTimetableParser", "NpuTimetableParser\NpuTimetableParser.csproj", "{989C7C87-FDEA-4D54-917A-23E677F251D4}"
EndProject
Project("{FAE04EC0-301F-11D3-BF4B-00C04F79EFBC}") = "NpuTimeTableParserTest", "NpuTimeTableParserTest\NpuTimeTableParserTest.csproj", "{CC15456C-1340-4212-8EF9-6DE9350EE50C}"
EndProject
Global
	GlobalSection(SolutionConfigurationPlatforms) = preSolution
		Debug|Any CPU = Debug|Any CPU
		Release|Any CPU = Release|Any CPU
	EndGlobalSection
	GlobalSection(ProjectConfigurationPlatforms) = postSolution
		{989C7C87-FDEA-4D54-917A-23E677F251D4}.Debug|Any CPU.ActiveCfg = Debug|Any CPU
		{989C7C87-FDEA-4D54-917A-23E677F251D4}.Debug|Any CPU.Build.0 = Debug|Any CPU
		{989C7C87-FDEA-4D54-917A-23E677F251D4}.Release|Any CPU.ActiveCfg = Release|Any CPU
		{989C7C87-FDEA-4D54-917A-23E677F251D4}.Release|Any CPU.Build.0 = Release|Any CPU
		{CC15456C-1340-4212-8EF9-6DE9350EE50C}.Debug|Any CPU.ActiveCfg = Debug|Any CPU
		{CC15456C-1340-4212-8EF9-6DE9350EE50C}.Debug|Any CPU.Build.0 = Debug|Any CPU
		{CC15456C-1340-4212-8EF9-6DE9350EE50C}.Release|Any CPU.ActiveCfg = Release|Any CPU
		{CC15456C-1340-4212-8EF9-6DE9350EE50C}.Release|Any CPU.Build.0 = Release|Any CPU
	EndGlobalSection
	GlobalSection(SolutionProperties) = preSolution
		HideSolutionNode = FALSE
	EndGlobalSection
	GlobalSection(ExtensibilityGlobals) = postSolution
		SolutionGuid = {D9DEEF0F-5594-4CE5-AE9D-30F85EFBEF31}
	EndGlobalSection
EndGlobal
